
Microsoft Visual Studio Solution File, Format Version 12.00
# Visual Studio Version 16
VisualStudioVersion = 16.0.30804.86
MinimumVisualStudioVersion = 10.0.40219.1
Project("{FAE04EC0-301F-11D3-BF4B-00C04F79EFBC}") = "CleanLoginUI", "CleanLoginUI\CleanLoginUI.csproj", "{0EE17324-5E93-4119-B44A-A69E077E4702}"
EndProject
Project("{FAE04EC0-301F-11D3-BF4B-00C04F79EFBC}") = "EPTIS", "EPTIS\EPTIS.csproj", "{636398BB-5894-41C7-95CB-A64646DF451B}"
EndProject
Project("{FAE04EC0-301F-11D3-BF4B-00C04F79EFBC}") = "CountdownTool", "CountdownTool\CountdownTool.csproj", "{CECFEF81-3D63-44AD-BC5E-DBF8192303AF}"
EndProject
Project("{FAE04EC0-301F-11D3-BF4B-00C04F79EFBC}") = "TabablzControlDemo", "TabablzControlDemo\TabablzControlDemo.csproj", "{99BC3E2B-6452-435B-880A-1BCBF5EDE2C3}"
EndProject
Global
	GlobalSection(SolutionConfigurationPlatforms) = preSolution
		Debug|Any CPU = Debug|Any CPU
		Release|Any CPU = Release|Any CPU
	EndGlobalSection
	GlobalSection(ProjectConfigurationPlatforms) = postSolution
		{0EE17324-5E93-4119-B44A-A69E077E4702}.Debug|Any CPU.ActiveCfg = Debug|Any CPU
		{0EE17324-5E93-4119-B44A-A69E077E4702}.Debug|Any CPU.Build.0 = Debug|Any CPU
		{0EE17324-5E93-4119-B44A-A69E077E4702}.Release|Any CPU.ActiveCfg = Release|Any CPU
		{0EE17324-5E93-4119-B44A-A69E077E4702}.Release|Any CPU.Build.0 = Release|Any CPU
		{636398BB-5894-41C7-95CB-A64646DF451B}.Debug|Any CPU.ActiveCfg = Debug|Any CPU
		{636398BB-5894-41C7-95CB-A64646DF451B}.Debug|Any CPU.Build.0 = Debug|Any CPU
		{636398BB-5894-41C7-95CB-A64646DF451B}.Release|Any CPU.ActiveCfg = Release|Any CPU
		{636398BB-5894-41C7-95CB-A64646DF451B}.Release|Any CPU.Build.0 = Release|Any CPU
		{CECFEF81-3D63-44AD-BC5E-DBF8192303AF}.Debug|Any CPU.ActiveCfg = Debug|Any CPU
		{CECFEF81-3D63-44AD-BC5E-DBF8192303AF}.Debug|Any CPU.Build.0 = Debug|Any CPU
		{CECFEF81-3D63-44AD-BC5E-DBF8192303AF}.Release|Any CPU.ActiveCfg = Release|Any CPU
		{CECFEF81-3D63-44AD-BC5E-DBF8192303AF}.Release|Any CPU.Build.0 = Release|Any CPU
		{99BC3E2B-6452-435B-880A-1BCBF5EDE2C3}.Debug|Any CPU.ActiveCfg = Debug|Any CPU
		{99BC3E2B-6452-435B-880A-1BCBF5EDE2C3}.Debug|Any CPU.Build.0 = Debug|Any CPU
		{99BC3E2B-6452-435B-880A-1BCBF5EDE2C3}.Release|Any CPU.ActiveCfg = Release|Any CPU
		{99BC3E2B-6452-435B-880A-1BCBF5EDE2C3}.Release|Any CPU.Build.0 = Release|Any CPU
	EndGlobalSection
	GlobalSection(SolutionProperties) = preSolution
		HideSolutionNode = FALSE
	EndGlobalSection
	GlobalSection(ExtensibilityGlobals) = postSolution
		SolutionGuid = {50D42AAE-4CF8-44AC-9EB2-5FE3B7342507}
	EndGlobalSection
EndGlobal
